
Microsoft Visual Studio Solution File, Format Version 12.00
# Visual Studio Version 17
VisualStudioVersion = 17.8.34316.72
MinimumVisualStudioVersion = 10.0.40219.1
Project("{FAE04EC0-301F-11D3-BF4B-00C04F79EFBC}") = "Orders.Api", "Orders\Orders.Api.csproj", "{B90D29C8-4B24-4362-964B-20A075724C1A}"
EndProject
Project("{FAE04EC0-301F-11D3-BF4B-00C04F79EFBC}") = "Orders.Application", "Orders.Application\Orders.Application.csproj", "{092486E2-4544-48FA-814A-D4DAF3A129F4}"
EndProject
Project("{FAE04EC0-301F-11D3-BF4B-00C04F79EFBC}") = "Orders.DataAccess", "Orders.DataAccess\Orders.DataAccess.csproj", "{6813B892-864C-4B49-86AC-CCA0A1C6A39A}"
EndProject
Global
	GlobalSection(SolutionConfigurationPlatforms) = preSolution
		Debug|Any CPU = Debug|Any CPU
		Release|Any CPU = Release|Any CPU
	EndGlobalSection
	GlobalSection(ProjectConfigurationPlatforms) = postSolution
		{B90D29C8-4B24-4362-964B-20A075724C1A}.Debug|Any CPU.ActiveCfg = Debug|Any CPU
		{B90D29C8-4B24-4362-964B-20A075724C1A}.Debug|Any CPU.Build.0 = Debug|Any CPU
		{B90D29C8-4B24-4362-964B-20A075724C1A}.Release|Any CPU.ActiveCfg = Release|Any CPU
		{B90D29C8-4B24-4362-964B-20A075724C1A}.Release|Any CPU.Build.0 = Release|Any CPU
		{092486E2-4544-48FA-814A-D4DAF3A129F4}.Debug|Any CPU.ActiveCfg = Debug|Any CPU
		{092486E2-4544-48FA-814A-D4DAF3A129F4}.Debug|Any CPU.Build.0 = Debug|Any CPU
		{092486E2-4544-48FA-814A-D4DAF3A129F4}.Release|Any CPU.ActiveCfg = Release|Any CPU
		{092486E2-4544-48FA-814A-D4DAF3A129F4}.Release|Any CPU.Build.0 = Release|Any CPU
		{6813B892-864C-4B49-86AC-CCA0A1C6A39A}.Debug|Any CPU.ActiveCfg = Debug|Any CPU
		{6813B892-864C-4B49-86AC-CCA0A1C6A39A}.Debug|Any CPU.Build.0 = Debug|Any CPU
		{6813B892-864C-4B49-86AC-CCA0A1C6A39A}.Release|Any CPU.ActiveCfg = Release|Any CPU
		{6813B892-864C-4B49-86AC-CCA0A1C6A39A}.Release|Any CPU.Build.0 = Release|Any CPU
	EndGlobalSection
	GlobalSection(SolutionProperties) = preSolution
		HideSolutionNode = FALSE
	EndGlobalSection
	GlobalSection(ExtensibilityGlobals) = postSolution
		SolutionGuid = {E39537BE-7CCA-4C20-B1D7-EC21583307B7}
	EndGlobalSection
EndGlobal
